
Microsoft Visual Studio Solution File, Format Version 12.00
# Visual Studio 15
VisualStudioVersion = 15.0.28010.2019
MinimumVisualStudioVersion = 10.0.40219.1
Project("{FAE04EC0-301F-11D3-BF4B-00C04F79EFBC}") = "1stWork", "1stWork\1stWork.csproj", "{32DCD7A9-B791-48DF-A854-2B1A4AD0B96D}"
EndProject
Global
	GlobalSection(SolutionConfigurationPlatforms) = preSolution
		Debug|Any CPU = Debug|Any CPU
		Release|Any CPU = Release|Any CPU
	EndGlobalSection
	GlobalSection(ProjectConfigurationPlatforms) = postSolution
		{32DCD7A9-B791-48DF-A854-2B1A4AD0B96D}.Debug|Any CPU.ActiveCfg = Debug|Any CPU
		{32DCD7A9-B791-48DF-A854-2B1A4AD0B96D}.Debug|Any CPU.Build.0 = Debug|Any CPU
		{32DCD7A9-B791-48DF-A854-2B1A4AD0B96D}.Release|Any CPU.ActiveCfg = Release|Any CPU
		{32DCD7A9-B791-48DF-A854-2B1A4AD0B96D}.Release|Any CPU.Build.0 = Release|Any CPU
	EndGlobalSection
	GlobalSection(SolutionProperties) = preSolution
		HideSolutionNode = FALSE
	EndGlobalSection
	GlobalSection(ExtensibilityGlobals) = postSolution
		SolutionGuid = {96F8389C-9DD6-4EED-9DC4-C1B073B3E9C5}
	EndGlobalSection
EndGlobal
