
Microsoft Visual Studio Solution File, Format Version 12.00
# Visual Studio 15
VisualStudioVersion = 15.0.28010.2026
MinimumVisualStudioVersion = 10.0.40219.1
Project("{FAE04EC0-301F-11D3-BF4B-00C04F79EFBC}") = "Ex_2", "Ex_2\Ex_2.csproj", "{A456B929-7C7D-4E9F-9277-B6AB9B6866F4}"
EndProject
Project("{FAE04EC0-301F-11D3-BF4B-00C04F79EFBC}") = "Ex_3", "Ex_3\Ex_3.csproj", "{D05720CD-124F-41CD-B57F-EE548CF09B31}"
EndProject
Project("{FAE04EC0-301F-11D3-BF4B-00C04F79EFBC}") = "Ex_4", "Ex_4\Ex_4.csproj", "{D9CDF3F1-DACF-4CA3-B3C6-53F2D0859545}"
EndProject
Project("{FAE04EC0-301F-11D3-BF4B-00C04F79EFBC}") = "Ex_5", "Ex_5\Ex_5.csproj", "{3B6F14C3-AE97-46F3-BE39-E3E29FD38229}"
EndProject
Project("{FAE04EC0-301F-11D3-BF4B-00C04F79EFBC}") = "Ex_6", "Ex_6\Ex_6.csproj", "{BFE1FD5C-80D5-4996-9700-FF01E2B6CD1F}"
EndProject
Project("{FAE04EC0-301F-11D3-BF4B-00C04F79EFBC}") = "Ex_7", "Ex_7\Ex_7.csproj", "{3141874E-4559-4C40-A1D9-205CAD300B41}"
EndProject
Project("{FAE04EC0-301F-11D3-BF4B-00C04F79EFBC}") = "Ex_8", "Ex_8\Ex_8.csproj", "{5278A13E-4263-4960-BBC4-943B665A6E1B}"
EndProject
Global
	GlobalSection(SolutionConfigurationPlatforms) = preSolution
		Debug|Any CPU = Debug|Any CPU
		Release|Any CPU = Release|Any CPU
	EndGlobalSection
	GlobalSection(ProjectConfigurationPlatforms) = postSolution
		{A456B929-7C7D-4E9F-9277-B6AB9B6866F4}.Debug|Any CPU.ActiveCfg = Debug|Any CPU
		{A456B929-7C7D-4E9F-9277-B6AB9B6866F4}.Debug|Any CPU.Build.0 = Debug|Any CPU
		{A456B929-7C7D-4E9F-9277-B6AB9B6866F4}.Release|Any CPU.ActiveCfg = Release|Any CPU
		{A456B929-7C7D-4E9F-9277-B6AB9B6866F4}.Release|Any CPU.Build.0 = Release|Any CPU
		{D05720CD-124F-41CD-B57F-EE548CF09B31}.Debug|Any CPU.ActiveCfg = Debug|Any CPU
		{D05720CD-124F-41CD-B57F-EE548CF09B31}.Debug|Any CPU.Build.0 = Debug|Any CPU
		{D05720CD-124F-41CD-B57F-EE548CF09B31}.Release|Any CPU.ActiveCfg = Release|Any CPU
		{D05720CD-124F-41CD-B57F-EE548CF09B31}.Release|Any CPU.Build.0 = Release|Any CPU
		{D9CDF3F1-DACF-4CA3-B3C6-53F2D0859545}.Debug|Any CPU.ActiveCfg = Debug|Any CPU
		{D9CDF3F1-DACF-4CA3-B3C6-53F2D0859545}.Debug|Any CPU.Build.0 = Debug|Any CPU
		{D9CDF3F1-DACF-4CA3-B3C6-53F2D0859545}.Release|Any CPU.ActiveCfg = Release|Any CPU
		{D9CDF3F1-DACF-4CA3-B3C6-53F2D0859545}.Release|Any CPU.Build.0 = Release|Any CPU
		{3B6F14C3-AE97-46F3-BE39-E3E29FD38229}.Debug|Any CPU.ActiveCfg = Debug|Any CPU
		{3B6F14C3-AE97-46F3-BE39-E3E29FD38229}.Debug|Any CPU.Build.0 = Debug|Any CPU
		{3B6F14C3-AE97-46F3-BE39-E3E29FD38229}.Release|Any CPU.ActiveCfg = Release|Any CPU
		{3B6F14C3-AE97-46F3-BE39-E3E29FD38229}.Release|Any CPU.Build.0 = Release|Any CPU
		{BFE1FD5C-80D5-4996-9700-FF01E2B6CD1F}.Debug|Any CPU.ActiveCfg = Debug|Any CPU
		{BFE1FD5C-80D5-4996-9700-FF01E2B6CD1F}.Debug|Any CPU.Build.0 = Debug|Any CPU
		{BFE1FD5C-80D5-4996-9700-FF01E2B6CD1F}.Release|Any CPU.ActiveCfg = Release|Any CPU
		{BFE1FD5C-80D5-4996-9700-FF01E2B6CD1F}.Release|Any CPU.Build.0 = Release|Any CPU
		{3141874E-4559-4C40-A1D9-205CAD300B41}.Debug|Any CPU.ActiveCfg = Debug|Any CPU
		{3141874E-4559-4C40-A1D9-205CAD300B41}.Debug|Any CPU.Build.0 = Debug|Any CPU
		{3141874E-4559-4C40-A1D9-205CAD300B41}.Release|Any CPU.ActiveCfg = Release|Any CPU
		{3141874E-4559-4C40-A1D9-205CAD300B41}.Release|Any CPU.Build.0 = Release|Any CPU
		{5278A13E-4263-4960-BBC4-943B665A6E1B}.Debug|Any CPU.ActiveCfg = Debug|Any CPU
		{5278A13E-4263-4960-BBC4-943B665A6E1B}.Debug|Any CPU.Build.0 = Debug|Any CPU
		{5278A13E-4263-4960-BBC4-943B665A6E1B}.Release|Any CPU.ActiveCfg = Release|Any CPU
		{5278A13E-4263-4960-BBC4-943B665A6E1B}.Release|Any CPU.Build.0 = Release|Any CPU
	EndGlobalSection
	GlobalSection(SolutionProperties) = preSolution
		HideSolutionNode = FALSE
	EndGlobalSection
	GlobalSection(ExtensibilityGlobals) = postSolution
		SolutionGuid = {2ADF8A60-5D81-414B-830C-9B77D0CE0510}
	EndGlobalSection
EndGlobal
